# This file is automatically @generated by Poetry 2.1.3 and should not be changed by hand.

[[package]]
name = "cython"
version = "3.1.4"
description = "The Cython compiler for writing C extensions in the Python language."
optional = false
python-versions = ">=3.8"
groups = ["main"]
files = [
    {file = "cython-3.1.4-cp310-cp310-macosx_10_9_x86_64.whl", hash = "sha256:523110241408ef6511d897e9cebbdffb99120ac82ef3aea89baacce290958f93"},
    {file = "cython-3.1.4-cp310-cp310-macosx_11_0_arm64.whl", hash = "sha256:fd34f960c3809fa2a7c3487ce9b3cb2c5bbc5ae2107f073a1a51086885958881"},
    {file = "cython-3.1.4-cp310-cp310-manylinux1_i686.manylinux_2_28_i686.manylinux_2_5_i686.whl", hash = "sha256:90842e7fb8cddfd173478670297f6a6b3df090e029a31ea6ce93669030e67b81"},
    {file = "cython-3.1.4-cp310-cp310-manylinux2014_aarch64.manylinux_2_17_aarch64.manylinux_2_28_aarch64.whl", hash = "sha256:c88234303e2c15a5a88ae21c99698c7195433280b049aa2ad0ace906e6294dab"},
    {file = "cython-3.1.4-cp310-cp310-manylinux2014_x86_64.manylinux_2_17_x86_64.manylinux_2_28_x86_64.whl", hash = "sha256:6f06b037f7c244dda9fc38091e87a68498c85c7c27ddc19aa84b08cf42a8a84a"},
    {file = "cython-3.1.4-cp310-cp310-musllinux_1_2_aarch64.whl", hash = "sha256:1aba748e9dcb9c0179d286cdb20215246c46b69cf227715e46287dcea8de7372"},
    {file = "cython-3.1.4-cp310-cp310-musllinux_1_2_i686.whl", hash = "sha256:297b6042d764f68dc6213312578ef4b69310d04c963f94a489914efbf44ab133"},
    {file = "cython-3.1.4-cp310-cp310-musllinux_1_2_x86_64.whl", hash = "sha256:2ecf927e73bde50043d3a9fe3159f834b0e642b97e60a21018439fd25d344888"},
    {file = "cython-3.1.4-cp310-cp310-win32.whl", hash = "sha256:3d940d603f85732627795518f9dba8fa63080d8221bb5f477c7a156ee08714ad"},
    {file = "cython-3.1.4-cp310-cp310-win_amd64.whl", hash = "sha256:1e0671be9859bb313d8df5ca9b9c137e384f1e025831c58cee9a839ace432d3c"},
    {file = "cython-3.1.4-cp311-cp311-macosx_10_9_x86_64.whl", hash = "sha256:d1d7013dba5fb0506794d4ef8947ff5ed021370614950a8d8d04e57c8c84499e"},
    {file = "cython-3.1.4-cp311-cp311-macosx_11_0_arm64.whl", hash = "sha256:eed989f5c139d6550ef2665b783d86fab99372590c97f10a3c26c4523c5fce9e"},
    {file = "cython-3.1.4-cp311-cp311-manylinux1_i686.manylinux_2_28_i686.manylinux_2_5_i686.whl", hash = "sha256:3df3beb8b024dfd73cfddb7f2f7456751cebf6e31655eed3189c209b634bc2f2"},
    {file = "cython-3.1.4-cp311-cp311-manylinux2014_aarch64.manylinux_2_17_aarch64.manylinux_2_28_aarch64.whl", hash = "sha256:f8354703f1168e1aaa01348940f719734c1f11298be333bdb5b94101d49677c0"},
    {file = "cython-3.1.4-cp311-cp311-manylinux2014_x86_64.manylinux_2_17_x86_64.manylinux_2_28_x86_64.whl", hash = "sha256:a928bd7d446247855f54f359057ab4a32c465219c8c1e299906a483393a59a9e"},
    {file = "cython-3.1.4-cp311-cp311-musllinux_1_2_aarch64.whl", hash = "sha256:c233bfff4cc7b9d629eecb7345f9b733437f76dc4441951ec393b0a6e29919fc"},
    {file = "cython-3.1.4-cp311-cp311-musllinux_1_2_i686.whl", hash = "sha256:e9691a2cbc2faf0cd819108bceccf9bfc56c15a06d172eafe74157388c44a601"},
    {file = "cython-3.1.4-cp311-cp311-musllinux_1_2_x86_64.whl", hash = "sha256:ada319207432ea7c6691c70b5c112d261637d79d21ba086ae3726fedde79bfbf"},
    {file = "cython-3.1.4-cp311-cp311-win32.whl", hash = "sha256:dae81313c28222bf7be695f85ae1d16625aac35a0973a3af1e001f63379440c5"},
    {file = "cython-3.1.4-cp311-cp311-win_amd64.whl", hash = "sha256:60d2f192059ac34c5c26527f2beac823d34aaa766ef06792a3b7f290c18ac5e2"},
    {file = "cython-3.1.4-cp312-cp312-macosx_10_13_x86_64.whl", hash = "sha256:0d26af46505d0e54fe0f05e7ad089fd0eed8fa04f385f3ab88796f554467bcb9"},
    {file = "cython-3.1.4-cp312-cp312-macosx_11_0_arm64.whl", hash = "sha256:66ac8bb5068156c92359e3f0eefa138c177d59d1a2e8a89467881fa7d06aba3b"},
    {file = "cython-3.1.4-cp312-cp312-manylinux1_i686.manylinux_2_28_i686.manylinux_2_5_i686.whl", hash = "sha256:cb2e42714faec723d2305607a04bafb49a48a8d8f25dd39368d884c058dbcfbc"},
    {file = "cython-3.1.4-cp312-cp312-manylinux2014_aarch64.manylinux_2_17_aarch64.manylinux_2_28_aarch64.whl", hash = "sha256:c0fd655b27997a209a574873304ded9629de588f021154009e8f923475e2c677"},
    {file = "cython-3.1.4-cp312-cp312-manylinux2014_x86_64.manylinux_2_17_x86_64.manylinux_2_28_x86_64.whl", hash = "sha256:9def7c41f4dc339003b1e6875f84edf059989b9c7f5e9a245d3ce12c190742d9"},
    {file = "cython-3.1.4-cp312-cp312-musllinux_1_2_aarch64.whl", hash = "sha256:196555584a8716bf7e017e23ca53e9f632ed493f9faa327d0718e7551588f55d"},
    {file = "cython-3.1.4-cp312-cp312-musllinux_1_2_i686.whl", hash = "sha256:7fff0e739e07a20726484b8898b8628a7b87acb960d0fc5486013c6b77b7bb97"},
    {file = "cython-3.1.4-cp312-cp312-musllinux_1_2_x86_64.whl", hash = "sha256:c2754034fa10f95052949cd6b07eb2f61d654c1b9cfa0b17ea53a269389422e8"},
    {file = "cython-3.1.4-cp312-cp312-win32.whl", hash = "sha256:2e0808ff3614a1dbfd1adfcbff9b2b8119292f1824b3535b4a173205109509f8"},
    {file = "cython-3.1.4-cp312-cp312-win_amd64.whl", hash = "sha256:f262b32327b6bce340cce5d45bbfe3972cb62543a4930460d8564a489f3aea12"},
    {file = "cython-3.1.4-cp313-cp313-macosx_10_13_x86_64.whl", hash = "sha256:ab549d0fc187804e0f14fc4759e4b5ad6485ffc01554b2f8b720cc44aeb929cd"},
    {file = "cython-3.1.4-cp313-cp313-macosx_11_0_arm64.whl", hash = "sha256:52eae5d9bcc515441a436dcae2cbadfd00c5063d4d7809bd0178931690c06a76"},
    {file = "cython-3.1.4-cp313-cp313-manylinux1_i686.manylinux_2_28_i686.manylinux_2_5_i686.whl", hash = "sha256:6f06345cfa583dd17fff1beedb237853689b85aa400ea9e0db7e5265f3322d15"},
    {file = "cython-3.1.4-cp313-cp313-manylinux2014_aarch64.manylinux_2_17_aarch64.manylinux_2_28_aarch64.whl", hash = "sha256:f5d915556c757212cb8ddd4e48c16f2ab481dbb9a76f5153ab26f418c3537eb5"},
    {file = "cython-3.1.4-cp313-cp313-manylinux2014_x86_64.manylinux_2_17_x86_64.manylinux_2_28_x86_64.whl", hash = "sha256:c3f3bb603f28b3c1df66baaa5cdbf6029578552b458f1d321bae23b87f6c3199"},
    {file = "cython-3.1.4-cp313-cp313-musllinux_1_2_aarch64.whl", hash = "sha256:7aff230893ee1044e7bc98d313c034ead70a3dd54d4d22e89ca1734540d94084"},
    {file = "cython-3.1.4-cp313-cp313-musllinux_1_2_i686.whl", hash = "sha256:8e83f114c04f72f85591ddb0b28f08ab2e40d250c26686d6509c0f70a9e2ca34"},
    {file = "cython-3.1.4-cp313-cp313-musllinux_1_2_x86_64.whl", hash = "sha256:8096394960d38b793545753b73781bc0ec695f0b8c22454431704b297e296045"},
    {file = "cython-3.1.4-cp313-cp313-win32.whl", hash = "sha256:4e7c726ac753ca1a5aa30286cbadcd10ed4b4312ea710a8a16bb908d41e9c059"},
    {file = "cython-3.1.4-cp313-cp313-win_amd64.whl", hash = "sha256:f2ee2bb77943044f301cec04d0b51d8e3810507c9c250d6cd079a3e2d6ba88f2"},
    {file = "cython-3.1.4-cp314-cp314-macosx_10_13_x86_64.whl", hash = "sha256:c7258739d5560918741cb040bd85ba7cc2f09d868de9116a637e06714fec1f69"},
    {file = "cython-3.1.4-cp314-cp314-macosx_11_0_arm64.whl", hash = "sha256:b2d522ee8d3528035e247ee721fb40abe92e9ea852dc9e48802cec080d5de859"},
    {file = "cython-3.1.4-cp314-cp314-manylinux1_i686.manylinux_2_28_i686.manylinux_2_5_i686.whl", hash = "sha256:a4e0560baeb56c29d7d8d693a050dd4d2ed922d8d7c66f5c5715c6f2be84e903"},
    {file = "cython-3.1.4-cp314-cp314-manylinux2014_aarch64.manylinux_2_17_aarch64.manylinux_2_28_aarch64.whl", hash = "sha256:4223cacc81cba0df0f06f79657c5d6286e153b9a9b989dad1cdf4666f618c073"},
    {file = "cython-3.1.4-cp314-cp314-manylinux2014_x86_64.manylinux_2_17_x86_64.manylinux_2_28_x86_64.whl", hash = "sha256:ff4d1f159edee6af38572318681388fbd6448b0d08b9a47494aaf0b698e93394"},
    {file = "cython-3.1.4-cp314-cp314-musllinux_1_2_aarch64.whl", hash = "sha256:2537c53071a9a124e0bc502a716e1930d9bb101e94c26673016cf1820e4fdbd1"},
    {file = "cython-3.1.4-cp314-cp314-musllinux_1_2_i686.whl", hash = "sha256:85416717c529fb5ccf908464657a5187753e76d7b6ffec9b1c2d91544f6c3628"},
    {file = "cython-3.1.4-cp314-cp314-musllinux_1_2_x86_64.whl", hash = "sha256:18882e2f5c0e0c25f9c44f16f2fb9c48f33988885c5f9eae2856f10c6f089ffa"},
    {file = "cython-3.1.4-cp314-cp314-win32.whl", hash = "sha256:8ef8deadc888eaf95e5328fc176fb6c37bccee1213f07517c6ea55b5f817c457"},
    {file = "cython-3.1.4-cp314-cp314-win_amd64.whl", hash = "sha256:acb99ddec62ba1ea5de0e0087760fa834ec42c94f0488065a4f1995584e8e94e"},
    {file = "cython-3.1.4-cp38-cp38-macosx_10_9_x86_64.whl", hash = "sha256:949074a2445c8fe2b84e81b6cf9c23b30b92e853ad05689457d6735acb2ca738"},
    {file = "cython-3.1.4-cp38-cp38-macosx_11_0_arm64.whl", hash = "sha256:533970de5d96ca9ba207aa096caa883e2365ce7d41f0531f070292842b4ba97a"},
    {file = "cython-3.1.4-cp38-cp38-manylinux1_i686.manylinux_2_28_i686.manylinux_2_5_i686.whl", hash = "sha256:078e4e48d3867abf1ba11ca6bd2d62974a326ef2c0d139daa6691f5e01a691c5"},
    {file = "cython-3.1.4-cp38-cp38-manylinux2014_aarch64.manylinux_2_17_aarch64.manylinux_2_28_aarch64.whl", hash = "sha256:c162d63c2a7636864bcee0f333d974ece325d4fbc33e75d38886926e1cc997a1"},
    {file = "cython-3.1.4-cp38-cp38-manylinux2014_x86_64.manylinux_2_17_x86_64.manylinux_2_28_x86_64.whl", hash = "sha256:e10357ea1acc27b42d83aaeb14cd94587b515806a41227a0100028d45140d753"},
    {file = "cython-3.1.4-cp38-cp38-musllinux_1_2_aarch64.whl", hash = "sha256:71435feecca14f4de4b3a6b3828d8b1ae4a3b535e53597c32d5f22bc87f3d2bb"},
    {file = "cython-3.1.4-cp38-cp38-musllinux_1_2_i686.whl", hash = "sha256:d24c8a4fb10c089ec45fcc1c44f73df5b4228c95f20539cc4aade7a8933be31c"},
    {file = "cython-3.1.4-cp38-cp38-musllinux_1_2_x86_64.whl", hash = "sha256:2ccbd6db72f864c6717dcc62e44673e81cfe38984277748818cbe427f461573c"},
    {file = "cython-3.1.4-cp38-cp38-win32.whl", hash = "sha256:94fd9a7807fdd7cffe82c0b7167a9f5fcf0e7c6ef518d89bed66430bd9107854"},
    {file = "cython-3.1.4-cp38-cp38-win_amd64.whl", hash = "sha256:b47a82cfbc8e6a87143f02e1b33b7a0332bd1b83b668cb41ebcb5e4f9a39bc09"},
    {file = "cython-3.1.4-cp39-cp39-macosx_10_9_x86_64.whl", hash = "sha256:b95d2303ee54cf469f7c61aa94ef46c195d42e75a76881b9e33770bcf6c0a5c6"},
    {file = "cython-3.1.4-cp39-cp39-macosx_11_0_arm64.whl", hash = "sha256:1fc723ffca257beebe42c8e2dcb2b9771957b752d6f42684f17ca1d2a4346b21"},
    {file = "cython-3.1.4-cp39-cp39-manylinux1_i686.manylinux_2_28_i686.manylinux_2_5_i686.whl", hash = "sha256:1fb5060dd0c89f5c64002a0c44c2fcb5d066d119e2ae4d1bfa2c6482333dd42a"},
    {file = "cython-3.1.4-cp39-cp39-manylinux2014_aarch64.manylinux_2_17_aarch64.manylinux_2_28_aarch64.whl", hash = "sha256:077cc5881da9b48cc7b7f7952faedcea0ad9c3fcb9ba9f5fb89fdb5ded07dd70"},
    {file = "cython-3.1.4-cp39-cp39-manylinux2014_x86_64.manylinux_2_17_x86_64.manylinux_2_28_x86_64.whl", hash = "sha256:33da3c03797f7b7fde371a05f9e0d63eca679875c1c75e01066893eff2ec2f12"},
    {file = "cython-3.1.4-cp39-cp39-musllinux_1_2_aarch64.whl", hash = "sha256:daf1bde7af8202f52cfd51625a5c48de55de27786392e38a429bfe8b9a16161f"},
    {file = "cython-3.1.4-cp39-cp39-musllinux_1_2_i686.whl", hash = "sha256:3371af4af1aae0d46c10f8e3c1edff0361f03a5687081c8b36f61678545caff3"},
    {file = "cython-3.1.4-cp39-cp39-musllinux_1_2_x86_64.whl", hash = "sha256:d4e1115c6b4b848ade9d76a4e3f72c7bb2b7e7a935fcbda56f6032f50e079999"},
    {file = "cython-3.1.4-cp39-cp39-win32.whl", hash = "sha256:1b59709bcec2f38e447e53c51a20caee8c30911d4025dd3d102835f3f10b7bef"},
    {file = "cython-3.1.4-cp39-cp39-win_amd64.whl", hash = "sha256:006e2a175ba9898a7f1551e6c7c4cafd8eb9b42e53d1dfe4308caba9e8453cc3"},
    {file = "cython-3.1.4-py3-none-any.whl", hash = "sha256:d194d95e4fa029a3f6c7d46bdd16d973808c7ea4797586911fdb67cb98b1a2c6"},
    {file = "cython-3.1.4.tar.gz", hash = "sha256:9aefefe831331e2d66ab31799814eae4d0f8a2d246cbaaaa14d1be29ef777683"},
]

[[package]]
name = "superintervals"
version = "0.2.10"
description = "Rapid interval intersections"
optional = false
python-versions = "*"
groups = ["main"]
files = [
    {file = "superintervals-0.2.10.tar.gz", hash = "sha256:a34e3bdfa999c34d912f78a6d4b0842331e809ccbf97554e98480d631e7ce0bf"},
]

[package.dependencies]
Cython = "*"

[metadata]
lock-version = "2.1"
python-versions = ">=3.9,<4.0"
content-hash = "2823fd48b1e18b6b55e64e276341f04d532727f98a7dd8eb1130cbaa48013091"
